<?xml version="1.0" encoding="utf-8"?>
<Project ToolsVersion="4.0" xmlns="http://schemas.microsoft.com/developer/msbuild/2003">
  <ItemGroup>
    <Filter Include="Файлы ресурсов">
      <UniqueIdentifier>{67DA6AB6-F800-4c08-8B7A-83BB121AAD01}</UniqueIdentifier>
      <Extensions>rc;ico;cur;bmp;dlg;rc2;rct;bin;rgs;gif;jpg;jpeg;jpe;resx;tiff;tif;png;wav;mfcribbon-ms</Extensions>
    </Filter>
    <Filter Include="MainPart">
      <UniqueIdentifier>{4FC737F1-C7A5-4376-A066-2A32D752A2FF}</UniqueIdentifier>
      <Extensions>
      </Extensions>
    </Filter>
    <Filter Include="Render">
      <UniqueIdentifier>{18942d0f-3c4f-4f07-a845-461e1deda16d}</UniqueIdentifier>
    </Filter>
    <Filter Include="Render\Геометрия">
      <UniqueIdentifier>{4d3e6b30-268f-4569-943f-72e9f38e1395}</UniqueIdentifier>
    </Filter>
    <Filter Include="Registry">
      <UniqueIdentifier>{0988dfac-6012-4f24-ac26-bb541fe426ec}</UniqueIdentifier>
    </Filter>
    <Filter Include="WinS">
      <UniqueIdentifier>{f10043e8-a45d-4068-ad64-3a446c7b07f0}</UniqueIdentifier>
    </Filter>
  </ItemGroup>
  <ItemGroup>
    <ClInclude Include="Bitmap.h">
      <Filter>Render</Filter>
    </ClInclude>
    <ClInclude Include="TextureManager.h">
      <Filter>Render</Filter>
    </ClInclude>
    <ClInclude Include="ImageAtlas.h">
      <Filter>Render</Filter>
    </ClInclude>
    <ClInclude Include="Font.h">
      <Filter>Render</Filter>
    </ClInclude>
    <ClInclude Include="Render.h">
      <Filter>Render</Filter>
    </ClInclude>
    <ClInclude Include="Camera.h">
      <Filter>Render</Filter>
    </ClInclude>
    <ClInclude Include="Mouse.h">
      <Filter>MainPart</Filter>
    </ClInclude>
    <ClInclude Include="FPSCounter.h">
      <Filter>MainPart</Filter>
    </ClInclude>
    <ClInclude Include="Game.h">
      <Filter>MainPart</Filter>
    </ClInclude>
    <ClInclude Include="GameMath.h">
      <Filter>MainPart</Filter>
    </ClInclude>
    <ClInclude Include="Keyboard.h">
      <Filter>MainPart</Filter>
    </ClInclude>
    <ClInclude Include="Map.h">
      <Filter>MainPart</Filter>
    </ClInclude>
    <ClInclude Include="GameTimer.h">
      <Filter>MainPart</Filter>
    </ClInclude>
    <ClInclude Include="SpriteAtlas.h">
      <Filter>Render</Filter>
    </ClInclude>
    <ClInclude Include="JRectangle.h">
      <Filter>Render\Геометрия</Filter>
    </ClInclude>
    <ClInclude Include="BlockData.h">
      <Filter>Registry</Filter>
    </ClInclude>
    <ClInclude Include="JargShader.h">
      <Filter>Render</Filter>
    </ClInclude>
    <ClInclude Include="Registry.h">
      <Filter>Registry</Filter>
    </ClInclude>
    <ClInclude Include="LineBatch.h">
      <Filter>Render</Filter>
    </ClInclude>
    <ClInclude Include="BufferArray.h">
      <Filter>Render</Filter>
    </ClInclude>
    <ClInclude Include="GraphicText.h">
      <Filter>Render</Filter>
    </ClInclude>
    <ClInclude Include="SpriteBatch.h">
      <Filter>Render</Filter>
    </ClInclude>
    <ClInclude Include="Vector.h">
      <Filter>Render</Filter>
    </ClInclude>
    <ClInclude Include="JargMath.h">
      <Filter>Render</Filter>
    </ClInclude>
    <ClInclude Include="VertexPositionTexture.h">
      <Filter>Render</Filter>
    </ClInclude>
    <ClInclude Include="WinS.h">
      <Filter>WinS</Filter>
    </ClInclude>
    <ClInclude Include="Win.h">
      <Filter>WinS</Filter>
    </ClInclude>
    <ClInclude Include="WComponent.h">
      <Filter>WinS</Filter>
    </ClInclude>
    <ClInclude Include="JButton.h" />
    <ClInclude Include="AutoVersion.h">
      <Filter>MainPart</Filter>
    </ClInclude>
    <ClInclude Include="DataJsonParser.h" />
    <ClInclude Include="Mesh.h" />
    <ClInclude Include="OldCube.h">
      <Filter>Render\Геометрия</Filter>
    </ClInclude>
    <ClInclude Include="Icosahedron.h">
      <Filter>Render\Геометрия</Filter>
    </ClInclude>
    <ClInclude Include="Quad.h">
      <Filter>Render\Геометрия</Filter>
    </ClInclude>
    <ClInclude Include="SphereTesselator.h" />
    <ClInclude Include="Cube.h">
      <Filter>Render\Геометрия</Filter>
    </ClInclude>
    <ClInclude Include="DotEntity.h" />
  </ItemGroup>
  <ItemGroup>
    <ClCompile Include="Game.cpp">
      <Filter>MainPart</Filter>
    </ClCompile>
    <ClCompile Include="Main.cpp">
      <Filter>MainPart</Filter>
    </ClCompile>
    <ClCompile Include="Bitmap.cpp">
      <Filter>Render</Filter>
    </ClCompile>
    <ClCompile Include="TextureManager.cpp">
      <Filter>Render</Filter>
    </ClCompile>
    <ClCompile Include="ImageAtlas.cpp">
      <Filter>Render</Filter>
    </ClCompile>
    <ClCompile Include="Font.cpp">
      <Filter>Render</Filter>
    </ClCompile>
    <ClCompile Include="Render.cpp">
      <Filter>Render</Filter>
    </ClCompile>
    <ClCompile Include="Camera.cpp">
      <Filter>Render</Filter>
    </ClCompile>
    <ClCompile Include="Keyboard.cpp">
      <Filter>MainPart</Filter>
    </ClCompile>
    <ClCompile Include="Mouse.cpp">
      <Filter>MainPart</Filter>
    </ClCompile>
    <ClCompile Include="Map.cpp">
      <Filter>MainPart</Filter>
    </ClCompile>
    <ClCompile Include="FPSCounter.cpp">
      <Filter>MainPart</Filter>
    </ClCompile>
    <ClCompile Include="GameTimer.cpp">
      <Filter>MainPart</Filter>
    </ClCompile>
    <ClCompile Include="SpriteAtlas.cpp">
      <Filter>Render</Filter>
    </ClCompile>
    <ClCompile Include="JRectangle.cpp">
      <Filter>Render\Геометрия</Filter>
    </ClCompile>
    <ClCompile Include="JargShader.cpp">
      <Filter>Render</Filter>
    </ClCompile>
    <ClCompile Include="Registry.cpp">
      <Filter>Registry</Filter>
    </ClCompile>
    <ClCompile Include="BufferArray.cpp">
      <Filter>Render</Filter>
    </ClCompile>
    <ClCompile Include="GraphicText.cpp">
      <Filter>Render</Filter>
    </ClCompile>
    <ClCompile Include="LineBatch.cpp">
      <Filter>Render</Filter>
    </ClCompile>
    <ClCompile Include="SpriteBatch.cpp">
      <Filter>Render</Filter>
    </ClCompile>
    <ClCompile Include="Vector.cpp">
      <Filter>Render</Filter>
    </ClCompile>
    <ClCompile Include="WinS.cpp">
      <Filter>WinS</Filter>
    </ClCompile>
    <ClCompile Include="Win.cpp">
      <Filter>WinS</Filter>
    </ClCompile>
    <ClCompile Include="JButton.cpp" />
    <ClCompile Include="AutoVersion.cpp">
      <Filter>MainPart</Filter>
    </ClCompile>
    <ClCompile Include="DataJsonParser.cpp" />
    <ClCompile Include="Mesh.cpp" />
    <ClCompile Include="OldCube.cpp">
      <Filter>Render\Геометрия</Filter>
    </ClCompile>
    <ClCompile Include="Icosahedron.cpp">
      <Filter>Render\Геометрия</Filter>
    </ClCompile>
    <ClCompile Include="Quad.cpp">
      <Filter>Render\Геометрия</Filter>
    </ClCompile>
    <ClCompile Include="SphereTesselator.cpp" />
    <ClCompile Include="Cube.cpp">
      <Filter>Render\Геометрия</Filter>
    </ClCompile>
    <ClCompile Include="DotEntity.cpp" />
  </ItemGroup>
</Project>